
Microsoft Visual Studio Solution File, Format Version 12.00
# Visual Studio Version 17
VisualStudioVersion = 17.7.34202.233
MinimumVisualStudioVersion = 10.0.40219.1
Project("{FAE04EC0-301F-11D3-BF4B-00C04F79EFBC}") = "Hashmap", "Hashmap\Hashmap.csproj", "{608F9E3E-0B54-4257-9B5A-CD4EE2EBFFB5}"
EndProject
Global
	GlobalSection(SolutionConfigurationPlatforms) = preSolution
		Debug|Any CPU = Debug|Any CPU
		Release|Any CPU = Release|Any CPU
	EndGlobalSection
	GlobalSection(ProjectConfigurationPlatforms) = postSolution
		{608F9E3E-0B54-4257-9B5A-CD4EE2EBFFB5}.Debug|Any CPU.ActiveCfg = Debug|Any CPU
		{608F9E3E-0B54-4257-9B5A-CD4EE2EBFFB5}.Debug|Any CPU.Build.0 = Debug|Any CPU
		{608F9E3E-0B54-4257-9B5A-CD4EE2EBFFB5}.Release|Any CPU.ActiveCfg = Release|Any CPU
		{608F9E3E-0B54-4257-9B5A-CD4EE2EBFFB5}.Release|Any CPU.Build.0 = Release|Any CPU
	EndGlobalSection
	GlobalSection(SolutionProperties) = preSolution
		HideSolutionNode = FALSE
	EndGlobalSection
	GlobalSection(ExtensibilityGlobals) = postSolution
		SolutionGuid = {7645C5E8-0720-463F-AF04-515636849BA0}
	EndGlobalSection
EndGlobal
